
Microsoft Visual Studio Solution File, Format Version 12.00
# Visual Studio Version 17
VisualStudioVersion = 17.7.34031.279
MinimumVisualStudioVersion = 10.0.40219.1
Project("{FAE04EC0-301F-11D3-BF4B-00C04F79EFBC}") = "PM.Presentation.Web", "PM.Presentation.Web\PM.Presentation.Web.csproj", "{52FE4E80-1DCE-401A-982D-4C98B51DE348}"
EndProject
Project("{FAE04EC0-301F-11D3-BF4B-00C04F79EFBC}") = "PM.Domain", "PM.Domain\PM.Domain.csproj", "{271CAD32-178E-4989-B447-63B1AF057F04}"
EndProject
Project("{2150E333-8FDC-42A3-9474-1A3956D46DE8}") = "1 - Apresentação", "1 - Apresentação", "{BC36BE7C-2CEE-42A5-AF05-7B64CDDA7EC3}"
EndProject
Project("{2150E333-8FDC-42A3-9474-1A3956D46DE8}") = "2 - Aplicação", "2 - Aplicação", "{69A40936-ABDD-4334-8859-DA1EC24D795A}"
EndProject
Project("{2150E333-8FDC-42A3-9474-1A3956D46DE8}") = "DDD", "DDD", "{FA3C7548-2DD3-423B-BBA6-A36F2A87EBF6}"
EndProject
Project("{2150E333-8FDC-42A3-9474-1A3956D46DE8}") = "TDD", "TDD", "{7D49226F-78CA-4BC3-AEB0-C62BE1C7ABC6}"
EndProject
Project("{2150E333-8FDC-42A3-9474-1A3956D46DE8}") = "4 - Domínio", "4 - Domínio", "{E84F0699-4E10-447F-80FE-0FDEC3FD9E22}"
EndProject
Project("{2150E333-8FDC-42A3-9474-1A3956D46DE8}") = "5 - Infra", "5 - Infra", "{D1A456D1-4229-4C45-AF00-1832538A345F}"
EndProject
Project("{2150E333-8FDC-42A3-9474-1A3956D46DE8}") = "1 - Teste Unitário", "1 - Teste Unitário", "{D986B859-3BDE-4399-B057-C14422A7DAE3}"
EndProject
Project("{FAE04EC0-301F-11D3-BF4B-00C04F79EFBC}") = "PM.Aplicacao", "PM.Aplicacao\PM.Aplicacao.csproj", "{05F7C1B3-A837-4C20-97FE-183C17B96BE6}"
EndProject
Project("{FAE04EC0-301F-11D3-BF4B-00C04F79EFBC}") = "PM.Infra.Dao", "PM.Infra.Dao\PM.Infra.Dao.csproj", "{CF07B728-D2DC-46E4-A95A-65B4FB112546}"
EndProject
Project("{FAE04EC0-301F-11D3-BF4B-00C04F79EFBC}") = "PM.Infra.Common", "PM.Infra.Common\PM.Infra.Common.csproj", "{FF841D45-DD2C-4CDC-86B4-2948A36FBD58}"
EndProject
Project("{FAE04EC0-301F-11D3-BF4B-00C04F79EFBC}") = "PM.Service.WebServices", "PM.Service.WebServices\PM.Service.WebServices.csproj", "{EC70756C-E82E-44D1-BFAE-1C0E704C293D}"
EndProject
Project("{2150E333-8FDC-42A3-9474-1A3956D46DE8}") = "3 - Serviços", "3 - Serviços", "{9AD31C3C-CC7D-4208-8D45-C38F95B05E60}"
EndProject
Project("{FAE04EC0-301F-11D3-BF4B-00C04F79EFBC}") = "PM.Service.WebServicesTests", "PM.Service.WebServicesTests\PM.Service.WebServicesTests.csproj", "{96DB2470-8F8C-471B-9DF2-3EE859672C2D}"
EndProject
Project("{FAE04EC0-301F-11D3-BF4B-00C04F79EFBC}") = "PM.AplicacaoTests", "PM.AplicacaoTests\PM.AplicacaoTests.csproj", "{10C131E2-82CF-431C-86F8-C53C4E9CA848}"
EndProject
Global
	GlobalSection(SolutionConfigurationPlatforms) = preSolution
		Debug|Any CPU = Debug|Any CPU
		Release|Any CPU = Release|Any CPU
	EndGlobalSection
	GlobalSection(ProjectConfigurationPlatforms) = postSolution
		{52FE4E80-1DCE-401A-982D-4C98B51DE348}.Debug|Any CPU.ActiveCfg = Debug|Any CPU
		{52FE4E80-1DCE-401A-982D-4C98B51DE348}.Debug|Any CPU.Build.0 = Debug|Any CPU
		{52FE4E80-1DCE-401A-982D-4C98B51DE348}.Release|Any CPU.ActiveCfg = Release|Any CPU
		{52FE4E80-1DCE-401A-982D-4C98B51DE348}.Release|Any CPU.Build.0 = Release|Any CPU
		{271CAD32-178E-4989-B447-63B1AF057F04}.Debug|Any CPU.ActiveCfg = Debug|Any CPU
		{271CAD32-178E-4989-B447-63B1AF057F04}.Debug|Any CPU.Build.0 = Debug|Any CPU
		{271CAD32-178E-4989-B447-63B1AF057F04}.Release|Any CPU.ActiveCfg = Release|Any CPU
		{271CAD32-178E-4989-B447-63B1AF057F04}.Release|Any CPU.Build.0 = Release|Any CPU
		{05F7C1B3-A837-4C20-97FE-183C17B96BE6}.Debug|Any CPU.ActiveCfg = Debug|Any CPU
		{05F7C1B3-A837-4C20-97FE-183C17B96BE6}.Debug|Any CPU.Build.0 = Debug|Any CPU
		{05F7C1B3-A837-4C20-97FE-183C17B96BE6}.Release|Any CPU.ActiveCfg = Release|Any CPU
		{05F7C1B3-A837-4C20-97FE-183C17B96BE6}.Release|Any CPU.Build.0 = Release|Any CPU
		{CF07B728-D2DC-46E4-A95A-65B4FB112546}.Debug|Any CPU.ActiveCfg = Debug|Any CPU
		{CF07B728-D2DC-46E4-A95A-65B4FB112546}.Debug|Any CPU.Build.0 = Debug|Any CPU
		{CF07B728-D2DC-46E4-A95A-65B4FB112546}.Release|Any CPU.ActiveCfg = Release|Any CPU
		{CF07B728-D2DC-46E4-A95A-65B4FB112546}.Release|Any CPU.Build.0 = Release|Any CPU
		{FF841D45-DD2C-4CDC-86B4-2948A36FBD58}.Debug|Any CPU.ActiveCfg = Debug|Any CPU
		{FF841D45-DD2C-4CDC-86B4-2948A36FBD58}.Debug|Any CPU.Build.0 = Debug|Any CPU
		{FF841D45-DD2C-4CDC-86B4-2948A36FBD58}.Release|Any CPU.ActiveCfg = Release|Any CPU
		{FF841D45-DD2C-4CDC-86B4-2948A36FBD58}.Release|Any CPU.Build.0 = Release|Any CPU
		{EC70756C-E82E-44D1-BFAE-1C0E704C293D}.Debug|Any CPU.ActiveCfg = Debug|Any CPU
		{EC70756C-E82E-44D1-BFAE-1C0E704C293D}.Debug|Any CPU.Build.0 = Debug|Any CPU
		{EC70756C-E82E-44D1-BFAE-1C0E704C293D}.Release|Any CPU.ActiveCfg = Release|Any CPU
		{EC70756C-E82E-44D1-BFAE-1C0E704C293D}.Release|Any CPU.Build.0 = Release|Any CPU
		{96DB2470-8F8C-471B-9DF2-3EE859672C2D}.Debug|Any CPU.ActiveCfg = Debug|Any CPU
		{96DB2470-8F8C-471B-9DF2-3EE859672C2D}.Debug|Any CPU.Build.0 = Debug|Any CPU
		{96DB2470-8F8C-471B-9DF2-3EE859672C2D}.Release|Any CPU.ActiveCfg = Release|Any CPU
		{96DB2470-8F8C-471B-9DF2-3EE859672C2D}.Release|Any CPU.Build.0 = Release|Any CPU
		{10C131E2-82CF-431C-86F8-C53C4E9CA848}.Debug|Any CPU.ActiveCfg = Debug|Any CPU
		{10C131E2-82CF-431C-86F8-C53C4E9CA848}.Debug|Any CPU.Build.0 = Debug|Any CPU
		{10C131E2-82CF-431C-86F8-C53C4E9CA848}.Release|Any CPU.ActiveCfg = Release|Any CPU
		{10C131E2-82CF-431C-86F8-C53C4E9CA848}.Release|Any CPU.Build.0 = Release|Any CPU
	EndGlobalSection
	GlobalSection(SolutionProperties) = preSolution
		HideSolutionNode = FALSE
	EndGlobalSection
	GlobalSection(NestedProjects) = preSolution
		{52FE4E80-1DCE-401A-982D-4C98B51DE348} = {BC36BE7C-2CEE-42A5-AF05-7B64CDDA7EC3}
		{271CAD32-178E-4989-B447-63B1AF057F04} = {E84F0699-4E10-447F-80FE-0FDEC3FD9E22}
		{BC36BE7C-2CEE-42A5-AF05-7B64CDDA7EC3} = {FA3C7548-2DD3-423B-BBA6-A36F2A87EBF6}
		{69A40936-ABDD-4334-8859-DA1EC24D795A} = {FA3C7548-2DD3-423B-BBA6-A36F2A87EBF6}
		{E84F0699-4E10-447F-80FE-0FDEC3FD9E22} = {FA3C7548-2DD3-423B-BBA6-A36F2A87EBF6}
		{D1A456D1-4229-4C45-AF00-1832538A345F} = {FA3C7548-2DD3-423B-BBA6-A36F2A87EBF6}
		{D986B859-3BDE-4399-B057-C14422A7DAE3} = {7D49226F-78CA-4BC3-AEB0-C62BE1C7ABC6}
		{05F7C1B3-A837-4C20-97FE-183C17B96BE6} = {69A40936-ABDD-4334-8859-DA1EC24D795A}
		{CF07B728-D2DC-46E4-A95A-65B4FB112546} = {D1A456D1-4229-4C45-AF00-1832538A345F}
		{FF841D45-DD2C-4CDC-86B4-2948A36FBD58} = {D1A456D1-4229-4C45-AF00-1832538A345F}
		{EC70756C-E82E-44D1-BFAE-1C0E704C293D} = {9AD31C3C-CC7D-4208-8D45-C38F95B05E60}
		{9AD31C3C-CC7D-4208-8D45-C38F95B05E60} = {FA3C7548-2DD3-423B-BBA6-A36F2A87EBF6}
		{96DB2470-8F8C-471B-9DF2-3EE859672C2D} = {D986B859-3BDE-4399-B057-C14422A7DAE3}
		{10C131E2-82CF-431C-86F8-C53C4E9CA848} = {D986B859-3BDE-4399-B057-C14422A7DAE3}
	EndGlobalSection
	GlobalSection(ExtensibilityGlobals) = postSolution
		SolutionGuid = {8E1BABB2-CB6D-4474-8AF8-5285352B8662}
		EnterpriseLibraryConfigurationToolBinariesPathV6 = packages\EnterpriseLibrary.Common.6.0.1304.0\lib\NET45;packages\EnterpriseLibrary.Data.6.0.1304.0\lib\NET45
	EndGlobalSection
EndGlobal
